
Microsoft Visual Studio Solution File, Format Version 12.00
# Visual Studio Version 17
VisualStudioVersion = 17.12.35707.178
MinimumVisualStudioVersion = 10.0.40219.1
Project("{FAE04EC0-301F-11D3-BF4B-00C04F79EFBC}") = "Jokempo", "Jokempo\Jokempo.csproj", "{F8A4F434-4031-4A3E-AF73-40A7422CB2D4}"
EndProject
Project("{FAE04EC0-301F-11D3-BF4B-00C04F79EFBC}") = "JokempoLibrary", "JokempoLibrary\JokempoLibrary.csproj", "{AB3CAE2E-CB39-4359-9A37-33674A6347AF}"
EndProject
Project("{FAE04EC0-301F-11D3-BF4B-00C04F79EFBC}") = "FormsJokempo", "FormsJokempo\FormsJokempo.csproj", "{EEBB6C9F-0409-4D83-B7C5-152C3AF6E730}"
EndProject
Global
	GlobalSection(SolutionConfigurationPlatforms) = preSolution
		Debug|Any CPU = Debug|Any CPU
		Release|Any CPU = Release|Any CPU
	EndGlobalSection
	GlobalSection(ProjectConfigurationPlatforms) = postSolution
		{F8A4F434-4031-4A3E-AF73-40A7422CB2D4}.Debug|Any CPU.ActiveCfg = Debug|Any CPU
		{F8A4F434-4031-4A3E-AF73-40A7422CB2D4}.Debug|Any CPU.Build.0 = Debug|Any CPU
		{F8A4F434-4031-4A3E-AF73-40A7422CB2D4}.Release|Any CPU.ActiveCfg = Release|Any CPU
		{F8A4F434-4031-4A3E-AF73-40A7422CB2D4}.Release|Any CPU.Build.0 = Release|Any CPU
		{AB3CAE2E-CB39-4359-9A37-33674A6347AF}.Debug|Any CPU.ActiveCfg = Debug|Any CPU
		{AB3CAE2E-CB39-4359-9A37-33674A6347AF}.Debug|Any CPU.Build.0 = Debug|Any CPU
		{AB3CAE2E-CB39-4359-9A37-33674A6347AF}.Release|Any CPU.ActiveCfg = Release|Any CPU
		{AB3CAE2E-CB39-4359-9A37-33674A6347AF}.Release|Any CPU.Build.0 = Release|Any CPU
		{EEBB6C9F-0409-4D83-B7C5-152C3AF6E730}.Debug|Any CPU.ActiveCfg = Debug|Any CPU
		{EEBB6C9F-0409-4D83-B7C5-152C3AF6E730}.Debug|Any CPU.Build.0 = Debug|Any CPU
		{EEBB6C9F-0409-4D83-B7C5-152C3AF6E730}.Release|Any CPU.ActiveCfg = Release|Any CPU
		{EEBB6C9F-0409-4D83-B7C5-152C3AF6E730}.Release|Any CPU.Build.0 = Release|Any CPU
	EndGlobalSection
	GlobalSection(SolutionProperties) = preSolution
		HideSolutionNode = FALSE
	EndGlobalSection
	GlobalSection(ExtensibilityGlobals) = postSolution
		SolutionGuid = {647AD6BF-A399-43E9-B833-69480151F498}
	EndGlobalSection
EndGlobal
